
Microsoft Visual Studio Solution File, Format Version 12.00
# Visual Studio Version 17
VisualStudioVersion = 17.0.32014.148
MinimumVisualStudioVersion = 10.0.40219.1
Project("{F184B08F-C81C-45F6-A57F-5ABD9991F28F}") = "juego1", "juego1\juego1.vbproj", "{FCE56B14-3434-4343-99BC-D0F1435505B6}"
EndProject
Global
	GlobalSection(SolutionConfigurationPlatforms) = preSolution
		Debug|Any CPU = Debug|Any CPU
		Release|Any CPU = Release|Any CPU
	EndGlobalSection
	GlobalSection(ProjectConfigurationPlatforms) = postSolution
		{FCE56B14-3434-4343-99BC-D0F1435505B6}.Debug|Any CPU.ActiveCfg = Debug|Any CPU
		{FCE56B14-3434-4343-99BC-D0F1435505B6}.Debug|Any CPU.Build.0 = Debug|Any CPU
		{FCE56B14-3434-4343-99BC-D0F1435505B6}.Release|Any CPU.ActiveCfg = Release|Any CPU
		{FCE56B14-3434-4343-99BC-D0F1435505B6}.Release|Any CPU.Build.0 = Release|Any CPU
	EndGlobalSection
	GlobalSection(SolutionProperties) = preSolution
		HideSolutionNode = FALSE
	EndGlobalSection
	GlobalSection(ExtensibilityGlobals) = postSolution
		SolutionGuid = {A4E77435-00B1-40AA-91BD-4F7CB7D52839}
	EndGlobalSection
EndGlobal
